// !$*UTF8*$!
{
	archiveVersion = 1;
	classes = {
	};
	objectVersion = 48;
	objects = {

/* Begin PBXBuildFile section */
		2BA21B6ED1192F49D7A10172 /* Pods_SAUITests.framework in Frameworks */ = {isa = PBXBuildFile; fileRef = 0D19054C3BE7FD1F4D38CE61 /* Pods_SAUITests.framework */; };
		42C63D397B2F94C80B7D7106 /* Pods_SA.framework in Frameworks */ = {isa = PBXBuildFile; fileRef = FF664472E60A7BFA4FBE4AE7 /* Pods_SA.framework */; };
		67138F6E3368D0A963559921 /* Pods_SATests.framework in Frameworks */ = {isa = PBXBuildFile; fileRef = DDE6ADC6AE272E752C3DCDF8 /* Pods_SATests.framework */; };
		747D90381FF7AD7D003E8742 /* LoginViewController.swift in Sources */ = {isa = PBXBuildFile; fileRef = 747D90371FF7AD7D003E8742 /* LoginViewController.swift */; };
		747D903A1FF7ADAD003E8742 /* RegisterViewController.swift in Sources */ = {isa = PBXBuildFile; fileRef = 747D90391FF7ADAD003E8742 /* RegisterViewController.swift */; };
		747D903C1FF7ADE4003E8742 /* MainViewController.swift in Sources */ = {isa = PBXBuildFile; fileRef = 747D903B1FF7ADE4003E8742 /* MainViewController.swift */; };
		747D903E1FF7ADFC003E8742 /* AboutUsViewController.swift in Sources */ = {isa = PBXBuildFile; fileRef = 747D903D1FF7ADFC003E8742 /* AboutUsViewController.swift */; };
		747D90401FF7AE31003E8742 /* DateViewController.swift in Sources */ = {isa = PBXBuildFile; fileRef = 747D903F1FF7AE31003E8742 /* DateViewController.swift */; };
		747D90421FF7AE4C003E8742 /* StartViewController.swift in Sources */ = {isa = PBXBuildFile; fileRef = 747D90411FF7AE4C003E8742 /* StartViewController.swift */; };
		747D90441FF7AE99003E8742 /* AttractionsViewController.swift in Sources */ = {isa = PBXBuildFile; fileRef = 747D90431FF7AE99003E8742 /* AttractionsViewController.swift */; };
		747D90461FF7AEB5003E8742 /* FoodViewController.swift in Sources */ = {isa = PBXBuildFile; fileRef = 747D90451FF7AEB5003E8742 /* FoodViewController.swift */; };
		747D90481FF7AEEC003E8742 /* MyScheduleViewController.swift in Sources */ = {isa = PBXBuildFile; fileRef = 747D90471FF7AEEC003E8742 /* MyScheduleViewController.swift */; };
		747D904E1FF7AF73003E8742 /* ScheduleIntroduceViewController.swift in Sources */ = {isa = PBXBuildFile; fileRef = 747D904D1FF7AF73003E8742 /* ScheduleIntroduceViewController.swift */; };
		747D90501FF7AFAC003E8742 /* DoneViewController.swift in Sources */ = {isa = PBXBuildFile; fileRef = 747D904F1FF7AFAC003E8742 /* DoneViewController.swift */; };
		749E5A931FFA6D230030F6E6 /* AttractionsIntroduceViewController.swift in Sources */ = {isa = PBXBuildFile; fileRef = 749E5A921FFA6D230030F6E6 /* AttractionsIntroduceViewController.swift */; };
		749E5A951FFA6D3B0030F6E6 /* FoodIntroduceViewController.swift in Sources */ = {isa = PBXBuildFile; fileRef = 749E5A941FFA6D3B0030F6E6 /* FoodIntroduceViewController.swift */; };
		74AD62C11FF7934200FA686B /* AppDelegate.swift in Sources */ = {isa = PBXBuildFile; fileRef = 74AD62C01FF7934200FA686B /* AppDelegate.swift */; };
		74AD62C31FF7934200FA686B /* ViewController.swift in Sources */ = {isa = PBXBuildFile; fileRef = 74AD62C21FF7934200FA686B /* ViewController.swift */; };
		74AD62C61FF7934200FA686B /* Main.storyboard in Resources */ = {isa = PBXBuildFile; fileRef = 74AD62C41FF7934200FA686B /* Main.storyboard */; };
		74AD62C81FF7934200FA686B /* Assets.xcassets in Resources */ = {isa = PBXBuildFile; fileRef = 74AD62C71FF7934200FA686B /* Assets.xcassets */; };
		74AD62CB1FF7934200FA686B /* LaunchScreen.storyboard in Resources */ = {isa = PBXBuildFile; fileRef = 74AD62C91FF7934200FA686B /* LaunchScreen.storyboard */; };
		74AD62D61FF7934200FA686B /* SATests.swift in Sources */ = {isa = PBXBuildFile; fileRef = 74AD62D51FF7934200FA686B /* SATests.swift */; };
		74AD62E11FF7934200FA686B /* SAUITests.swift in Sources */ = {isa = PBXBuildFile; fileRef = 74AD62E01FF7934200FA686B /* SAUITests.swift */; };
		FEE8EA8F20000213000BCC53 /* HotScheduleViewController.swift in Sources */ = {isa = PBXBuildFile; fileRef = FEE8EA8E20000213000BCC53 /* HotScheduleViewController.swift */; };
		FEE8EA912000A355000BCC53 /* HotScheduleView.swift in Sources */ = {isa = PBXBuildFile; fileRef = FEE8EA902000A355000BCC53 /* HotScheduleView.swift */; };
		FEE8EA932000AB08000BCC53 /* GoogleService-Info.plist in Resources */ = {isa = PBXBuildFile; fileRef = FEE8EA922000AB08000BCC53 /* GoogleService-Info.plist */; };
/* End PBXBuildFile section */

/* Begin PBXContainerItemProxy section */
		74AD62D21FF7934200FA686B /* PBXContainerItemProxy */ = {
			isa = PBXContainerItemProxy;
			containerPortal = 74AD62B51FF7934200FA686B /* Project object */;
			proxyType = 1;
			remoteGlobalIDString = 74AD62BC1FF7934200FA686B;
			remoteInfo = SA;
		};
		74AD62DD1FF7934200FA686B /* PBXContainerItemProxy */ = {
			isa = PBXContainerItemProxy;
			containerPortal = 74AD62B51FF7934200FA686B /* Project object */;
			proxyType = 1;
			remoteGlobalIDString = 74AD62BC1FF7934200FA686B;
			remoteInfo = SA;
		};
/* End PBXContainerItemProxy section */

/* Begin PBXFileReference section */
		0D19054C3BE7FD1F4D38CE61 /* Pods_SAUITests.framework */ = {isa = PBXFileReference; explicitFileType = wrapper.framework; includeInIndex = 0; path = Pods_SAUITests.framework; sourceTree = BUILT_PRODUCTS_DIR; };
		169DC19E3538177B26456395 /* Pods-SAUITests.debug.xcconfig */ = {isa = PBXFileReference; includeInIndex = 1; lastKnownFileType = text.xcconfig; name = "Pods-SAUITests.debug.xcconfig"; path = "Pods/Target Support Files/Pods-SAUITests/Pods-SAUITests.debug.xcconfig"; sourceTree = "<group>"; };
		263AA342C1B03CD7CE59B257 /* Pods-SATests.debug.xcconfig */ = {isa = PBXFileReference; includeInIndex = 1; lastKnownFileType = text.xcconfig; name = "Pods-SATests.debug.xcconfig"; path = "Pods/Target Support Files/Pods-SATests/Pods-SATests.debug.xcconfig"; sourceTree = "<group>"; };
		5733A857C84E24325730A609 /* Pods-SATests.release.xcconfig */ = {isa = PBXFileReference; includeInIndex = 1; lastKnownFileType = text.xcconfig; name = "Pods-SATests.release.xcconfig"; path = "Pods/Target Support Files/Pods-SATests/Pods-SATests.release.xcconfig"; sourceTree = "<group>"; };
		704E35691FE62001C6CAA44D /* Pods-SA.debug.xcconfig */ = {isa = PBXFileReference; includeInIndex = 1; lastKnownFileType = text.xcconfig; name = "Pods-SA.debug.xcconfig"; path = "Pods/Target Support Files/Pods-SA/Pods-SA.debug.xcconfig"; sourceTree = "<group>"; };
		747D90371FF7AD7D003E8742 /* LoginViewController.swift */ = {isa = PBXFileReference; lastKnownFileType = sourcecode.swift; path = LoginViewController.swift; sourceTree = "<group>"; };
		747D90391FF7ADAD003E8742 /* RegisterViewController.swift */ = {isa = PBXFileReference; lastKnownFileType = sourcecode.swift; path = RegisterViewController.swift; sourceTree = "<group>"; };
		747D903B1FF7ADE4003E8742 /* MainViewController.swift */ = {isa = PBXFileReference; lastKnownFileType = sourcecode.swift; path = MainViewController.swift; sourceTree = "<group>"; };
		747D903D1FF7ADFC003E8742 /* AboutUsViewController.swift */ = {isa = PBXFileReference; lastKnownFileType = sourcecode.swift; path = AboutUsViewController.swift; sourceTree = "<group>"; };
		747D903F1FF7AE31003E8742 /* DateViewController.swift */ = {isa = PBXFileReference; lastKnownFileType = sourcecode.swift; path = DateViewController.swift; sourceTree = "<group>"; };
		747D90411FF7AE4C003E8742 /* StartViewController.swift */ = {isa = PBXFileReference; lastKnownFileType = sourcecode.swift; path = StartViewController.swift; sourceTree = "<group>"; };
		747D90431FF7AE99003E8742 /* AttractionsViewController.swift */ = {isa = PBXFileReference; lastKnownFileType = sourcecode.swift; path = AttractionsViewController.swift; sourceTree = "<group>"; };
		747D90451FF7AEB5003E8742 /* FoodViewController.swift */ = {isa = PBXFileReference; lastKnownFileType = sourcecode.swift; path = FoodViewController.swift; sourceTree = "<group>"; };
		747D90471FF7AEEC003E8742 /* MyScheduleViewController.swift */ = {isa = PBXFileReference; lastKnownFileType = sourcecode.swift; path = MyScheduleViewController.swift; sourceTree = "<group>"; };
		747D904D1FF7AF73003E8742 /* ScheduleIntroduceViewController.swift */ = {isa = PBXFileReference; lastKnownFileType = sourcecode.swift; path = ScheduleIntroduceViewController.swift; sourceTree = "<group>"; };
		747D904F1FF7AFAC003E8742 /* DoneViewController.swift */ = {isa = PBXFileReference; lastKnownFileType = sourcecode.swift; path = DoneViewController.swift; sourceTree = "<group>"; };
		749E5A921FFA6D230030F6E6 /* AttractionsIntroduceViewController.swift */ = {isa = PBXFileReference; lastKnownFileType = sourcecode.swift; path = AttractionsIntroduceViewController.swift; sourceTree = "<group>"; };
		749E5A941FFA6D3B0030F6E6 /* FoodIntroduceViewController.swift */ = {isa = PBXFileReference; lastKnownFileType = sourcecode.swift; path = FoodIntroduceViewController.swift; sourceTree = "<group>"; };
		74AD62BD1FF7934200FA686B /* SA.app */ = {isa = PBXFileReference; explicitFileType = wrapper.application; includeInIndex = 0; path = SA.app; sourceTree = BUILT_PRODUCTS_DIR; };
		74AD62C01FF7934200FA686B /* AppDelegate.swift */ = {isa = PBXFileReference; lastKnownFileType = sourcecode.swift; path = AppDelegate.swift; sourceTree = "<group>"; };
		74AD62C21FF7934200FA686B /* ViewController.swift */ = {isa = PBXFileReference; lastKnownFileType = sourcecode.swift; path = ViewController.swift; sourceTree = "<group>"; };
		74AD62C51FF7934200FA686B /* Base */ = {isa = PBXFileReference; lastKnownFileType = file.storyboard; name = Base; path = Base.lproj/Main.storyboard; sourceTree = "<group>"; };
		74AD62C71FF7934200FA686B /* Assets.xcassets */ = {isa = PBXFileReference; lastKnownFileType = folder.assetcatalog; path = Assets.xcassets; sourceTree = "<group>"; };
		74AD62CA1FF7934200FA686B /* Base */ = {isa = PBXFileReference; lastKnownFileType = file.storyboard; name = Base; path = Base.lproj/LaunchScreen.storyboard; sourceTree = "<group>"; };
		74AD62CC1FF7934200FA686B /* Info.plist */ = {isa = PBXFileReference; lastKnownFileType = text.plist.xml; path = Info.plist; sourceTree = "<group>"; };
		74AD62D11FF7934200FA686B /* SATests.xctest */ = {isa = PBXFileReference; explicitFileType = wrapper.cfbundle; includeInIndex = 0; path = SATests.xctest; sourceTree = BUILT_PRODUCTS_DIR; };
		74AD62D51FF7934200FA686B /* SATests.swift */ = {isa = PBXFileReference; lastKnownFileType = sourcecode.swift; path = SATests.swift; sourceTree = "<group>"; };
		74AD62D71FF7934200FA686B /* Info.plist */ = {isa = PBXFileReference; lastKnownFileType = text.plist.xml; path = Info.plist; sourceTree = "<group>"; };
		74AD62DC1FF7934200FA686B /* SAUITests.xctest */ = {isa = PBXFileReference; explicitFileType = wrapper.cfbundle; includeInIndex = 0; path = SAUITests.xctest; sourceTree = BUILT_PRODUCTS_DIR; };
		74AD62E01FF7934200FA686B /* SAUITests.swift */ = {isa = PBXFileReference; lastKnownFileType = sourcecode.swift; path = SAUITests.swift; sourceTree = "<group>"; };
		74AD62E21FF7934200FA686B /* Info.plist */ = {isa = PBXFileReference; lastKnownFileType = text.plist.xml; path = Info.plist; sourceTree = "<group>"; };
		A3968152008B3EC93E31DC59 /* Pods-SAUITests.release.xcconfig */ = {isa = PBXFileReference; includeInIndex = 1; lastKnownFileType = text.xcconfig; name = "Pods-SAUITests.release.xcconfig"; path = "Pods/Target Support Files/Pods-SAUITests/Pods-SAUITests.release.xcconfig"; sourceTree = "<group>"; };
		D66BC77D85731B8F09896A05 /* Pods-SA.release.xcconfig */ = {isa = PBXFileReference; includeInIndex = 1; lastKnownFileType = text.xcconfig; name = "Pods-SA.release.xcconfig"; path = "Pods/Target Support Files/Pods-SA/Pods-SA.release.xcconfig"; sourceTree = "<group>"; };
		DDE6ADC6AE272E752C3DCDF8 /* Pods_SATests.framework */ = {isa = PBXFileReference; explicitFileType = wrapper.framework; includeInIndex = 0; path = Pods_SATests.framework; sourceTree = BUILT_PRODUCTS_DIR; };
		FEE8EA8E20000213000BCC53 /* HotScheduleViewController.swift */ = {isa = PBXFileReference; lastKnownFileType = sourcecode.swift; path = HotScheduleViewController.swift; sourceTree = "<group>"; };
		FEE8EA902000A355000BCC53 /* HotScheduleView.swift */ = {isa = PBXFileReference; lastKnownFileType = sourcecode.swift; path = HotScheduleView.swift; sourceTree = "<group>"; };
		FEE8EA922000AB08000BCC53 /* GoogleService-Info.plist */ = {isa = PBXFileReference; fileEncoding = 4; lastKnownFileType = text.plist.xml; name = "GoogleService-Info.plist"; path = "../../../Downloads/GoogleService-Info.plist"; sourceTree = "<group>"; };
		FF664472E60A7BFA4FBE4AE7 /* Pods_SA.framework */ = {isa = PBXFileReference; explicitFileType = wrapper.framework; includeInIndex = 0; path = Pods_SA.framework; sourceTree = BUILT_PRODUCTS_DIR; };
/* End PBXFileReference section */

/* Begin PBXFrameworksBuildPhase section */
		74AD62BA1FF7934200FA686B /* Frameworks */ = {
			isa = PBXFrameworksBuildPhase;
			buildActionMask = 2147483647;
			files = (
				42C63D397B2F94C80B7D7106 /* Pods_SA.framework in Frameworks */,
			);
			runOnlyForDeploymentPostprocessing = 0;
		};
		74AD62CE1FF7934200FA686B /* Frameworks */ = {
			isa = PBXFrameworksBuildPhase;
			buildActionMask = 2147483647;
			files = (
				67138F6E3368D0A963559921 /* Pods_SATests.framework in Frameworks */,
			);
			runOnlyForDeploymentPostprocessing = 0;
		};
		74AD62D91FF7934200FA686B /* Frameworks */ = {
			isa = PBXFrameworksBuildPhase;
			buildActionMask = 2147483647;
			files = (
				2BA21B6ED1192F49D7A10172 /* Pods_SAUITests.framework in Frameworks */,
			);
			runOnlyForDeploymentPostprocessing = 0;
		};
/* End PBXFrameworksBuildPhase section */

/* Begin PBXGroup section */
		74AD62B41FF7934200FA686B = {
			isa = PBXGroup;
			children = (
				74AD62BF1FF7934200FA686B /* SA */,
				74AD62D41FF7934200FA686B /* SATests */,
				74AD62DF1FF7934200FA686B /* SAUITests */,
				74AD62BE1FF7934200FA686B /* Products */,
				D29FA8A1559422634B93E23F /* Pods */,
				FE922F7C47AB927887357C7D /* Frameworks */,
			);
			sourceTree = "<group>";
		};
		74AD62BE1FF7934200FA686B /* Products */ = {
			isa = PBXGroup;
			children = (
				74AD62BD1FF7934200FA686B /* SA.app */,
				74AD62D11FF7934200FA686B /* SATests.xctest */,
				74AD62DC1FF7934200FA686B /* SAUITests.xctest */,
			);
			name = Products;
			sourceTree = "<group>";
		};
		74AD62BF1FF7934200FA686B /* SA */ = {
			isa = PBXGroup;
			children = (
				74AD62C01FF7934200FA686B /* AppDelegate.swift */,
				74AD62C21FF7934200FA686B /* ViewController.swift */,
				74AD62C41FF7934200FA686B /* Main.storyboard */,
				74AD62C71FF7934200FA686B /* Assets.xcassets */,
				74AD62C91FF7934200FA686B /* LaunchScreen.storyboard */,
				74AD62CC1FF7934200FA686B /* Info.plist */,
				747D90371FF7AD7D003E8742 /* LoginViewController.swift */,
				747D90391FF7ADAD003E8742 /* RegisterViewController.swift */,
				747D903B1FF7ADE4003E8742 /* MainViewController.swift */,
				747D903D1FF7ADFC003E8742 /* AboutUsViewController.swift */,
				747D903F1FF7AE31003E8742 /* DateViewController.swift */,
				747D90411FF7AE4C003E8742 /* StartViewController.swift */,
				747D90431FF7AE99003E8742 /* AttractionsViewController.swift */,
				749E5A921FFA6D230030F6E6 /* AttractionsIntroduceViewController.swift */,
				747D90451FF7AEB5003E8742 /* FoodViewController.swift */,
				749E5A941FFA6D3B0030F6E6 /* FoodIntroduceViewController.swift */,
				747D904F1FF7AFAC003E8742 /* DoneViewController.swift */,
				747D90471FF7AEEC003E8742 /* MyScheduleViewController.swift */,
				FEE8EA922000AB08000BCC53 /* GoogleService-Info.plist */,
				747D904D1FF7AF73003E8742 /* ScheduleIntroduceViewController.swift */,
				FEE8EA8E20000213000BCC53 /* HotScheduleViewController.swift */,
				FEE8EA902000A355000BCC53 /* HotScheduleView.swift */,
			);
			path = SA;
			sourceTree = "<group>";
		};
		74AD62D41FF7934200FA686B /* SATests */ = {
			isa = PBXGroup;
			children = (
				74AD62D51FF7934200FA686B /* SATests.swift */,
				74AD62D71FF7934200FA686B /* Info.plist */,
			);
			path = SATests;
			sourceTree = "<group>";
		};
		74AD62DF1FF7934200FA686B /* SAUITests */ = {
			isa = PBXGroup;
			children = (
				74AD62E01FF7934200FA686B /* SAUITests.swift */,
				74AD62E21FF7934200FA686B /* Info.plist */,
			);
			path = SAUITests;
			sourceTree = "<group>";
		};
		D29FA8A1559422634B93E23F /* Pods */ = {
			isa = PBXGroup;
			children = (
				704E35691FE62001C6CAA44D /* Pods-SA.debug.xcconfig */,
				D66BC77D85731B8F09896A05 /* Pods-SA.release.xcconfig */,
				263AA342C1B03CD7CE59B257 /* Pods-SATests.debug.xcconfig */,
				5733A857C84E24325730A609 /* Pods-SATests.release.xcconfig */,
				169DC19E3538177B26456395 /* Pods-SAUITests.debug.xcconfig */,
				A3968152008B3EC93E31DC59 /* Pods-SAUITests.release.xcconfig */,
			);
			name = Pods;
			sourceTree = "<group>";
		};
		FE922F7C47AB927887357C7D /* Frameworks */ = {
			isa = PBXGroup;
			children = (
				FF664472E60A7BFA4FBE4AE7 /* Pods_SA.framework */,
				DDE6ADC6AE272E752C3DCDF8 /* Pods_SATests.framework */,
				0D19054C3BE7FD1F4D38CE61 /* Pods_SAUITests.framework */,
			);
			name = Frameworks;
			sourceTree = "<group>";
		};
/* End PBXGroup section */

/* Begin PBXNativeTarget section */
		74AD62BC1FF7934200FA686B /* SA */ = {
			isa = PBXNativeTarget;
			buildConfigurationList = 74AD62E51FF7934200FA686B /* Build configuration list for PBXNativeTarget "SA" */;
			buildPhases = (
				E5171C2A63881103E379E433 /* [CP] Check Pods Manifest.lock */,
				74AD62B91FF7934200FA686B /* Sources */,
				74AD62BA1FF7934200FA686B /* Frameworks */,
				74AD62BB1FF7934200FA686B /* Resources */,
				1625AC8C248BB065C21B7ABA /* [CP] Embed Pods Frameworks */,
				8D8A2758EB77CCEBDAF2D125 /* [CP] Copy Pods Resources */,
			);
			buildRules = (
			);
			dependencies = (
			);
			name = SA;
			productName = SA;
			productReference = 74AD62BD1FF7934200FA686B /* SA.app */;
			productType = "com.apple.product-type.application";
		};
		74AD62D01FF7934200FA686B /* SATests */ = {
			isa = PBXNativeTarget;
			buildConfigurationList = 74AD62E81FF7934200FA686B /* Build configuration list for PBXNativeTarget "SATests" */;
			buildPhases = (
				89E83E753813C6A395355104 /* [CP] Check Pods Manifest.lock */,
				74AD62CD1FF7934200FA686B /* Sources */,
				74AD62CE1FF7934200FA686B /* Frameworks */,
				74AD62CF1FF7934200FA686B /* Resources */,
				3F139B48BC4FA6838941A5BB /* [CP] Embed Pods Frameworks */,
				CF974CAB6F87FE6C11E5BC9D /* [CP] Copy Pods Resources */,
			);
			buildRules = (
			);
			dependencies = (
				74AD62D31FF7934200FA686B /* PBXTargetDependency */,
			);
			name = SATests;
			productName = SATests;
			productReference = 74AD62D11FF7934200FA686B /* SATests.xctest */;
			productType = "com.apple.product-type.bundle.unit-test";
		};
		74AD62DB1FF7934200FA686B /* SAUITests */ = {
			isa = PBXNativeTarget;
			buildConfigurationList = 74AD62EB1FF7934200FA686B /* Build configuration list for PBXNativeTarget "SAUITests" */;
			buildPhases = (
				C93673EE8E3E6D5BD047FA83 /* [CP] Check Pods Manifest.lock */,
				74AD62D81FF7934200FA686B /* Sources */,
				74AD62D91FF7934200FA686B /* Frameworks */,
				74AD62DA1FF7934200FA686B /* Resources */,
				DDE3107C8D6C7D227EC4A85D /* [CP] Embed Pods Frameworks */,
				62C7DDE9C9B83776B431317D /* [CP] Copy Pods Resources */,
			);
			buildRules = (
			);
			dependencies = (
				74AD62DE1FF7934200FA686B /* PBXTargetDependency */,
			);
			name = SAUITests;
			productName = SAUITests;
			productReference = 74AD62DC1FF7934200FA686B /* SAUITests.xctest */;
			productType = "com.apple.product-type.bundle.ui-testing";
		};
/* End PBXNativeTarget section */

/* Begin PBXProject section */
		74AD62B51FF7934200FA686B /* Project object */ = {
			isa = PBXProject;
			attributes = {
				LastSwiftUpdateCheck = 0910;
				LastUpgradeCheck = 0910;
				ORGANIZATIONNAME = Seafood;
				TargetAttributes = {
					74AD62BC1FF7934200FA686B = {
						CreatedOnToolsVersion = 9.1;
						ProvisioningStyle = Automatic;
					};
					74AD62D01FF7934200FA686B = {
						CreatedOnToolsVersion = 9.1;
						ProvisioningStyle = Automatic;
						TestTargetID = 74AD62BC1FF7934200FA686B;
					};
					74AD62DB1FF7934200FA686B = {
						CreatedOnToolsVersion = 9.1;
						ProvisioningStyle = Automatic;
						TestTargetID = 74AD62BC1FF7934200FA686B;
					};
				};
			};
			buildConfigurationList = 74AD62B81FF7934200FA686B /* Build configuration list for PBXProject "SA" */;
			compatibilityVersion = "Xcode 8.0";
			developmentRegion = en;
			hasScannedForEncodings = 0;
			knownRegions = (
				en,
				Base,
			);
			mainGroup = 74AD62B41FF7934200FA686B;
			productRefGroup = 74AD62BE1FF7934200FA686B /* Products */;
			projectDirPath = "";
			projectRoot = "";
			targets = (
				74AD62BC1FF7934200FA686B /* SA */,
				74AD62D01FF7934200FA686B /* SATests */,
				74AD62DB1FF7934200FA686B /* SAUITests */,
			);
		};
/* End PBXProject section */

/* Begin PBXResourcesBuildPhase section */
		74AD62BB1FF7934200FA686B /* Resources */ = {
			isa = PBXResourcesBuildPhase;
			buildActionMask = 2147483647;
			files = (
				74AD62CB1FF7934200FA686B /* LaunchScreen.storyboard in Resources */,
				FEE8EA932000AB08000BCC53 /* GoogleService-Info.plist in Resources */,
				74AD62C81FF7934200FA686B /* Assets.xcassets in Resources */,
				74AD62C61FF7934200FA686B /* Main.storyboard in Resources */,
			);
			runOnlyForDeploymentPostprocessing = 0;
		};
		74AD62CF1FF7934200FA686B /* Resources */ = {
			isa = PBXResourcesBuildPhase;
			buildActionMask = 2147483647;
			files = (
			);
			runOnlyForDeploymentPostprocessing = 0;
		};
		74AD62DA1FF7934200FA686B /* Resources */ = {
			isa = PBXResourcesBuildPhase;
			buildActionMask = 2147483647;
			files = (
			);
			runOnlyForDeploymentPostprocessing = 0;
		};
/* End PBXResourcesBuildPhase section */

/* Begin PBXShellScriptBuildPhase section */
		1625AC8C248BB065C21B7ABA /* [CP] Embed Pods Frameworks */ = {
			isa = PBXShellScriptBuildPhase;
			buildActionMask = 2147483647;
			files = (
			);
			inputPaths = (
				"${SRCROOT}/Pods/Target Support Files/Pods-SA/Pods-SA-frameworks.sh",
				"${BUILT_PRODUCTS_DIR}/GoogleToolboxForMac/GoogleToolboxForMac.framework",
				"${BUILT_PRODUCTS_DIR}/nanopb/nanopb.framework",
			);
			name = "[CP] Embed Pods Frameworks";
			outputPaths = (
				"${TARGET_BUILD_DIR}/${FRAMEWORKS_FOLDER_PATH}/GoogleToolboxForMac.framework",
				"${TARGET_BUILD_DIR}/${FRAMEWORKS_FOLDER_PATH}/nanopb.framework",
			);
			runOnlyForDeploymentPostprocessing = 0;
			shellPath = /bin/sh;
			shellScript = "\"${SRCROOT}/Pods/Target Support Files/Pods-SA/Pods-SA-frameworks.sh\"\n";
			showEnvVarsInLog = 0;
		};
		3F139B48BC4FA6838941A5BB /* [CP] Embed Pods Frameworks */ = {
			isa = PBXShellScriptBuildPhase;
			buildActionMask = 2147483647;
			files = (
			);
			inputPaths = (
			);
			name = "[CP] Embed Pods Frameworks";
			outputPaths = (
			);
			runOnlyForDeploymentPostprocessing = 0;
			shellPath = /bin/sh;
			shellScript = "\"${SRCROOT}/Pods/Target Support Files/Pods-SATests/Pods-SATests-frameworks.sh\"\n";
			showEnvVarsInLog = 0;
		};
		62C7DDE9C9B83776B431317D /* [CP] Copy Pods Resources */ = {
			isa = PBXShellScriptBuildPhase;
			buildActionMask = 2147483647;
			files = (
			);
			inputPaths = (
			);
			name = "[CP] Copy Pods Resources";
			outputPaths = (
			);
			runOnlyForDeploymentPostprocessing = 0;
			shellPath = /bin/sh;
			shellScript = "\"${SRCROOT}/Pods/Target Support Files/Pods-SAUITests/Pods-SAUITests-resources.sh\"\n";
			showEnvVarsInLog = 0;
		};
		89E83E753813C6A395355104 /* [CP] Check Pods Manifest.lock */ = {
			isa = PBXShellScriptBuildPhase;
			buildActionMask = 2147483647;
			files = (
			);
			inputPaths = (
				"${PODS_PODFILE_DIR_PATH}/Podfile.lock",
				"${PODS_ROOT}/Manifest.lock",
			);
			name = "[CP] Check Pods Manifest.lock";
			outputPaths = (
				"$(DERIVED_FILE_DIR)/Pods-SATests-checkManifestLockResult.txt",
			);
			runOnlyForDeploymentPostprocessing = 0;
			shellPath = /bin/sh;
			shellScript = "diff \"${PODS_PODFILE_DIR_PATH}/Podfile.lock\" \"${PODS_ROOT}/Manifest.lock\" > /dev/null\nif [ $? != 0 ] ; then\n    # print error to STDERR\n    echo \"error: The sandbox is not in sync with the Podfile.lock. Run 'pod install' or update your CocoaPods installation.\" >&2\n    exit 1\nfi\n# This output is used by Xcode 'outputs' to avoid re-running this script phase.\necho \"SUCCESS\" > \"${SCRIPT_OUTPUT_FILE_0}\"\n";
			showEnvVarsInLog = 0;
		};
		8D8A2758EB77CCEBDAF2D125 /* [CP] Copy Pods Resources */ = {
			isa = PBXShellScriptBuildPhase;
			buildActionMask = 2147483647;
			files = (
			);
			inputPaths = (
			);
			name = "[CP] Copy Pods Resources";
			outputPaths = (
			);
			runOnlyForDeploymentPostprocessing = 0;
			shellPath = /bin/sh;
			shellScript = "\"${SRCROOT}/Pods/Target Support Files/Pods-SA/Pods-SA-resources.sh\"\n";
			showEnvVarsInLog = 0;
		};
		C93673EE8E3E6D5BD047FA83 /* [CP] Check Pods Manifest.lock */ = {
			isa = PBXShellScriptBuildPhase;
			buildActionMask = 2147483647;
			files = (
			);
			inputPaths = (
				"${PODS_PODFILE_DIR_PATH}/Podfile.lock",
				"${PODS_ROOT}/Manifest.lock",
			);
			name = "[CP] Check Pods Manifest.lock";
			outputPaths = (
				"$(DERIVED_FILE_DIR)/Pods-SAUITests-checkManifestLockResult.txt",
			);
			runOnlyForDeploymentPostprocessing = 0;
			shellPath = /bin/sh;
			shellScript = "diff \"${PODS_PODFILE_DIR_PATH}/Podfile.lock\" \"${PODS_ROOT}/Manifest.lock\" > /dev/null\nif [ $? != 0 ] ; then\n    # print error to STDERR\n    echo \"error: The sandbox is not in sync with the Podfile.lock. Run 'pod install' or update your CocoaPods installation.\" >&2\n    exit 1\nfi\n# This output is used by Xcode 'outputs' to avoid re-running this script phase.\necho \"SUCCESS\" > \"${SCRIPT_OUTPUT_FILE_0}\"\n";
			showEnvVarsInLog = 0;
		};
		CF974CAB6F87FE6C11E5BC9D /* [CP] Copy Pods Resources */ = {
			isa = PBXShellScriptBuildPhase;
			buildActionMask = 2147483647;
			files = (
			);
			inputPaths = (
			);
			name = "[CP] Copy Pods Resources";
			outputPaths = (
			);
			runOnlyForDeploymentPostprocessing = 0;
			shellPath = /bin/sh;
			shellScript = "\"${SRCROOT}/Pods/Target Support Files/Pods-SATests/Pods-SATests-resources.sh\"\n";
			showEnvVarsInLog = 0;
		};
		DDE3107C8D6C7D227EC4A85D /* [CP] Embed Pods Frameworks */ = {
			isa = PBXShellScriptBuildPhase;
			buildActionMask = 2147483647;
			files = (
			);
			inputPaths = (
			);
			name = "[CP] Embed Pods Frameworks";
			outputPaths = (
			);
			runOnlyForDeploymentPostprocessing = 0;
			shellPath = /bin/sh;
			shellScript = "\"${SRCROOT}/Pods/Target Support Files/Pods-SAUITests/Pods-SAUITests-frameworks.sh\"\n";
			showEnvVarsInLog = 0;
		};
		E5171C2A63881103E379E433 /* [CP] Check Pods Manifest.lock */ = {
			isa = PBXShellScriptBuildPhase;
			buildActionMask = 2147483647;
			files = (
			);
			inputPaths = (
				"${PODS_PODFILE_DIR_PATH}/Podfile.lock",
				"${PODS_ROOT}/Manifest.lock",
			);
			name = "[CP] Check Pods Manifest.lock";
			outputPaths = (
				"$(DERIVED_FILE_DIR)/Pods-SA-checkManifestLockResult.txt",
			);
			runOnlyForDeploymentPostprocessing = 0;
			shellPath = /bin/sh;
			shellScript = "diff \"${PODS_PODFILE_DIR_PATH}/Podfile.lock\" \"${PODS_ROOT}/Manifest.lock\" > /dev/null\nif [ $? != 0 ] ; then\n    # print error to STDERR\n    echo \"error: The sandbox is not in sync with the Podfile.lock. Run 'pod install' or update your CocoaPods installation.\" >&2\n    exit 1\nfi\n# This output is used by Xcode 'outputs' to avoid re-running this script phase.\necho \"SUCCESS\" > \"${SCRIPT_OUTPUT_FILE_0}\"\n";
			showEnvVarsInLog = 0;
		};
/* End PBXShellScriptBuildPhase section */

/* Begin PBXSourcesBuildPhase section */
		74AD62B91FF7934200FA686B /* Sources */ = {
			isa = PBXSourcesBuildPhase;
			buildActionMask = 2147483647;
			files = (
				FEE8EA8F20000213000BCC53 /* HotScheduleViewController.swift in Sources */,
				747D90441FF7AE99003E8742 /* AttractionsViewController.swift in Sources */,
				747D90501FF7AFAC003E8742 /* DoneViewController.swift in Sources */,
				747D90381FF7AD7D003E8742 /* LoginViewController.swift in Sources */,
				747D904E1FF7AF73003E8742 /* ScheduleIntroduceViewController.swift in Sources */,
				747D90421FF7AE4C003E8742 /* StartViewController.swift in Sources */,
				74AD62C31FF7934200FA686B /* ViewController.swift in Sources */,
				747D90401FF7AE31003E8742 /* DateViewController.swift in Sources */,
				74AD62C11FF7934200FA686B /* AppDelegate.swift in Sources */,
				747D90461FF7AEB5003E8742 /* FoodViewController.swift in Sources */,
				FEE8EA912000A355000BCC53 /* HotScheduleView.swift in Sources */,
				749E5A931FFA6D230030F6E6 /* AttractionsIntroduceViewController.swift in Sources */,
				747D90481FF7AEEC003E8742 /* MyScheduleViewController.swift in Sources */,
				747D903A1FF7ADAD003E8742 /* RegisterViewController.swift in Sources */,
				747D903E1FF7ADFC003E8742 /* AboutUsViewController.swift in Sources */,
				747D903C1FF7ADE4003E8742 /* MainViewController.swift in Sources */,
				749E5A951FFA6D3B0030F6E6 /* FoodIntroduceViewController.swift in Sources */,
			);
			runOnlyForDeploymentPostprocessing = 0;
		};
		74AD62CD1FF7934200FA686B /* Sources */ = {
			isa = PBXSourcesBuildPhase;
			buildActionMask = 2147483647;
			files = (
				74AD62D61FF7934200FA686B /* SATests.swift in Sources */,
			);
			runOnlyForDeploymentPostprocessing = 0;
		};
		74AD62D81FF7934200FA686B /* Sources */ = {
			isa = PBXSourcesBuildPhase;
			buildActionMask = 2147483647;
			files = (
				74AD62E11FF7934200FA686B /* SAUITests.swift in Sources */,
			);
			runOnlyForDeploymentPostprocessing = 0;
		};
/* End PBXSourcesBuildPhase section */

/* Begin PBXTargetDependency section */
		74AD62D31FF7934200FA686B /* PBXTargetDependency */ = {
			isa = PBXTargetDependency;
			target = 74AD62BC1FF7934200FA686B /* SA */;
			targetProxy = 74AD62D21FF7934200FA686B /* PBXContainerItemProxy */;
		};
		74AD62DE1FF7934200FA686B /* PBXTargetDependency */ = {
			isa = PBXTargetDependency;
			target = 74AD62BC1FF7934200FA686B /* SA */;
			targetProxy = 74AD62DD1FF7934200FA686B /* PBXContainerItemProxy */;
		};
/* End PBXTargetDependency section */

/* Begin PBXVariantGroup section */
		74AD62C41FF7934200FA686B /* Main.storyboard */ = {
			isa = PBXVariantGroup;
			children = (
				74AD62C51FF7934200FA686B /* Base */,
			);
			name = Main.storyboard;
			sourceTree = "<group>";
		};
		74AD62C91FF7934200FA686B /* LaunchScreen.storyboard */ = {
			isa = PBXVariantGroup;
			children = (
				74AD62CA1FF7934200FA686B /* Base */,
			);
			name = LaunchScreen.storyboard;
			sourceTree = "<group>";
		};
/* End PBXVariantGroup section */

/* Begin XCBuildConfiguration section */
		74AD62E31FF7934200FA686B /* Debug */ = {
			isa = XCBuildConfiguration;
			buildSettings = {
				ALWAYS_SEARCH_USER_PATHS = NO;
				CLANG_ANALYZER_NONNULL = YES;
				CLANG_ANALYZER_NUMBER_OBJECT_CONVERSION = YES_AGGRESSIVE;
				CLANG_CXX_LANGUAGE_STANDARD = "gnu++14";
				CLANG_CXX_LIBRARY = "libc++";
				CLANG_ENABLE_MODULES = YES;
				CLANG_ENABLE_OBJC_ARC = YES;
				CLANG_WARN_BLOCK_CAPTURE_AUTORELEASING = YES;
				CLANG_WARN_BOOL_CONVERSION = YES;
				CLANG_WARN_COMMA = YES;
				CLANG_WARN_CONSTANT_CONVERSION = YES;
				CLANG_WARN_DIRECT_OBJC_ISA_USAGE = YES_ERROR;
				CLANG_WARN_DOCUMENTATION_COMMENTS = YES;
				CLANG_WARN_EMPTY_BODY = YES;
				CLANG_WARN_ENUM_CONVERSION = YES;
				CLANG_WARN_INFINITE_RECURSION = YES;
				CLANG_WARN_INT_CONVERSION = YES;
				CLANG_WARN_NON_LITERAL_NULL_CONVERSION = YES;
				CLANG_WARN_OBJC_LITERAL_CONVERSION = YES;
				CLANG_WARN_OBJC_ROOT_CLASS = YES_ERROR;
				CLANG_WARN_RANGE_LOOP_ANALYSIS = YES;
				CLANG_WARN_STRICT_PROTOTYPES = YES;
				CLANG_WARN_SUSPICIOUS_MOVE = YES;
				CLANG_WARN_UNGUARDED_AVAILABILITY = YES_AGGRESSIVE;
				CLANG_WARN_UNREACHABLE_CODE = YES;
				CLANG_WARN__DUPLICATE_METHOD_MATCH = YES;
				CODE_SIGN_IDENTITY = "iPhone Developer";
				COPY_PHASE_STRIP = NO;
				DEBUG_INFORMATION_FORMAT = dwarf;
				ENABLE_STRICT_OBJC_MSGSEND = YES;
				ENABLE_TESTABILITY = YES;
				GCC_C_LANGUAGE_STANDARD = gnu11;
				GCC_DYNAMIC_NO_PIC = NO;
				GCC_NO_COMMON_BLOCKS = YES;
				GCC_OPTIMIZATION_LEVEL = 0;
				GCC_PREPROCESSOR_DEFINITIONS = (
					"DEBUG=1",
					"$(inherited)",
				);
				GCC_WARN_64_TO_32_BIT_CONVERSION = YES;
				GCC_WARN_ABOUT_RETURN_TYPE = YES_ERROR;
				GCC_WARN_UNDECLARED_SELECTOR = YES;
				GCC_WARN_UNINITIALIZED_AUTOS = YES_AGGRESSIVE;
				GCC_WARN_UNUSED_FUNCTION = YES;
				GCC_WARN_UNUSED_VARIABLE = YES;
				IPHONEOS_DEPLOYMENT_TARGET = 11.1;
				MTL_ENABLE_DEBUG_INFO = YES;
				ONLY_ACTIVE_ARCH = YES;
				SDKROOT = iphoneos;
				SWIFT_ACTIVE_COMPILATION_CONDITIONS = DEBUG;
				SWIFT_OPTIMIZATION_LEVEL = "-Onone";
			};
			name = Debug;
		};
		74AD62E41FF7934200FA686B /* Release */ = {
			isa = XCBuildConfiguration;
			buildSettings = {
				ALWAYS_SEARCH_USER_PATHS = NO;
				CLANG_ANALYZER_NONNULL = YES;
				CLANG_ANALYZER_NUMBER_OBJECT_CONVERSION = YES_AGGRESSIVE;
				CLANG_CXX_LANGUAGE_STANDARD = "gnu++14";
				CLANG_CXX_LIBRARY = "libc++";
				CLANG_ENABLE_MODULES = YES;
				CLANG_ENABLE_OBJC_ARC = YES;
				CLANG_WARN_BLOCK_CAPTURE_AUTORELEASING = YES;
				CLANG_WARN_BOOL_CONVERSION = YES;
				CLANG_WARN_COMMA = YES;
				CLANG_WARN_CONSTANT_CONVERSION = YES;
				CLANG_WARN_DIRECT_OBJC_ISA_USAGE = YES_ERROR;
				CLANG_WARN_DOCUMENTATION_COMMENTS = YES;
				CLANG_WARN_EMPTY_BODY = YES;
				CLANG_WARN_ENUM_CONVERSION = YES;
				CLANG_WARN_INFINITE_RECURSION = YES;
				CLANG_WARN_INT_CONVERSION = YES;
				CLANG_WARN_NON_LITERAL_NULL_CONVERSION = YES;
				CLANG_WARN_OBJC_LITERAL_CONVERSION = YES;
				CLANG_WARN_OBJC_ROOT_CLASS = YES_ERROR;
				CLANG_WARN_RANGE_LOOP_ANALYSIS = YES;
				CLANG_WARN_STRICT_PROTOTYPES = YES;
				CLANG_WARN_SUSPICIOUS_MOVE = YES;
				CLANG_WARN_UNGUARDED_AVAILABILITY = YES_AGGRESSIVE;
				CLANG_WARN_UNREACHABLE_CODE = YES;
				CLANG_WARN__DUPLICATE_METHOD_MATCH = YES;
				CODE_SIGN_IDENTITY = "iPhone Developer";
				COPY_PHASE_STRIP = NO;
				DEBUG_INFORMATION_FORMAT = "dwarf-with-dsym";
				ENABLE_NS_ASSERTIONS = NO;
				ENABLE_STRICT_OBJC_MSGSEND = YES;
				GCC_C_LANGUAGE_STANDARD = gnu11;
				GCC_NO_COMMON_BLOCKS = YES;
				GCC_WARN_64_TO_32_BIT_CONVERSION = YES;
				GCC_WARN_ABOUT_RETURN_TYPE = YES_ERROR;
				GCC_WARN_UNDECLARED_SELECTOR = YES;
				GCC_WARN_UNINITIALIZED_AUTOS = YES_AGGRESSIVE;
				GCC_WARN_UNUSED_FUNCTION = YES;
				GCC_WARN_UNUSED_VARIABLE = YES;
				IPHONEOS_DEPLOYMENT_TARGET = 11.1;
				MTL_ENABLE_DEBUG_INFO = NO;
				SDKROOT = iphoneos;
				SWIFT_OPTIMIZATION_LEVEL = "-Owholemodule";
				VALIDATE_PRODUCT = YES;
			};
			name = Release;
		};
		74AD62E61FF7934200FA686B /* Debug */ = {
			isa = XCBuildConfiguration;
			baseConfigurationReference = 704E35691FE62001C6CAA44D /* Pods-SA.debug.xcconfig */;
			buildSettings = {
				ASSETCATALOG_COMPILER_APPICON_NAME = AppIcon;
				CODE_SIGN_STYLE = Automatic;
				INFOPLIST_FILE = SA/Info.plist;
				IPHONEOS_DEPLOYMENT_TARGET = 10.0;
				LD_RUNPATH_SEARCH_PATHS = "$(inherited) @executable_path/Frameworks";
				PRODUCT_BUNDLE_IDENTIFIER = "-23.SA";
				PRODUCT_NAME = "$(TARGET_NAME)";
				SWIFT_VERSION = 4.0;
				TARGETED_DEVICE_FAMILY = "1,2";
			};
			name = Debug;
		};
		74AD62E71FF7934200FA686B /* Release */ = {
			isa = XCBuildConfiguration;
			baseConfigurationReference = D66BC77D85731B8F09896A05 /* Pods-SA.release.xcconfig */;
			buildSettings = {
				ASSETCATALOG_COMPILER_APPICON_NAME = AppIcon;
				CODE_SIGN_STYLE = Automatic;
				INFOPLIST_FILE = SA/Info.plist;
				IPHONEOS_DEPLOYMENT_TARGET = 10.0;
				LD_RUNPATH_SEARCH_PATHS = "$(inherited) @executable_path/Frameworks";
				PRODUCT_BUNDLE_IDENTIFIER = "-23.SA";
				PRODUCT_NAME = "$(TARGET_NAME)";
				SWIFT_VERSION = 4.0;
				TARGETED_DEVICE_FAMILY = "1,2";
			};
			name = Release;
		};
		74AD62E91FF7934200FA686B /* Debug */ = {
			isa = XCBuildConfiguration;
			baseConfigurationReference = 263AA342C1B03CD7CE59B257 /* Pods-SATests.debug.xcconfig */;
			buildSettings = {
				ALWAYS_EMBED_SWIFT_STANDARD_LIBRARIES = YES;
				BUNDLE_LOADER = "$(TEST_HOST)";
				CODE_SIGN_STYLE = Automatic;
				INFOPLIST_FILE = SATests/Info.plist;
				IPHONEOS_DEPLOYMENT_TARGET = 10.0;
				LD_RUNPATH_SEARCH_PATHS = "$(inherited) @executable_path/Frameworks @loader_path/Frameworks";
				PRODUCT_BUNDLE_IDENTIFIER = "-23.SATests";
				PRODUCT_NAME = "$(TARGET_NAME)";
				SWIFT_VERSION = 4.0;
				TARGETED_DEVICE_FAMILY = "1,2";
				TEST_HOST = "$(BUILT_PRODUCTS_DIR)/SA.app/SA";
			};
			name = Debug;
		};
		74AD62EA1FF7934200FA686B /* Release */ = {
			isa = XCBuildConfiguration;
			baseConfigurationReference = 5733A857C84E24325730A609 /* Pods-SATests.release.xcconfig */;
			buildSettings = {
				ALWAYS_EMBED_SWIFT_STANDARD_LIBRARIES = YES;
				BUNDLE_LOADER = "$(TEST_HOST)";
				CODE_SIGN_STYLE = Automatic;
				INFOPLIST_FILE = SATests/Info.plist;
				IPHONEOS_DEPLOYMENT_TARGET = 10.0;
				LD_RUNPATH_SEARCH_PATHS = "$(inherited) @executable_path/Frameworks @loader_path/Frameworks";
				PRODUCT_BUNDLE_IDENTIFIER = "-23.SATests";
				PRODUCT_NAME = "$(TARGET_NAME)";
				SWIFT_VERSION = 4.0;
				TARGETED_DEVICE_FAMILY = "1,2";
				TEST_HOST = "$(BUILT_PRODUCTS_DIR)/SA.app/SA";
			};
			name = Release;
		};
		74AD62EC1FF7934200FA686B /* Debug */ = {
			isa = XCBuildConfiguration;
			baseConfigurationReference = 169DC19E3538177B26456395 /* Pods-SAUITests.debug.xcconfig */;
			buildSettings = {
				ALWAYS_EMBED_SWIFT_STANDARD_LIBRARIES = YES;
				CODE_SIGN_STYLE = Automatic;
				INFOPLIST_FILE = SAUITests/Info.plist;
				IPHONEOS_DEPLOYMENT_TARGET = 10.0;
				LD_RUNPATH_SEARCH_PATHS = "$(inherited) @executable_path/Frameworks @loader_path/Frameworks";
				PRODUCT_BUNDLE_IDENTIFIER = "-23.SAUITests";
				PRODUCT_NAME = "$(TARGET_NAME)";
				SWIFT_VERSION = 4.0;
				TARGETED_DEVICE_FAMILY = "1,2";
				TEST_TARGET_NAME = SA;
			};
			name = Debug;
		};
		74AD62ED1FF7934200FA686B /* Release */ = {
			isa = XCBuildConfiguration;
			baseConfigurationReference = A3968152008B3EC93E31DC59 /* Pods-SAUITests.release.xcconfig */;
			buildSettings = {
				ALWAYS_EMBED_SWIFT_STANDARD_LIBRARIES = YES;
				CODE_SIGN_STYLE = Automatic;
				INFOPLIST_FILE = SAUITests/Info.plist;
				IPHONEOS_DEPLOYMENT_TARGET = 10.0;
				LD_RUNPATH_SEARCH_PATHS = "$(inherited) @executable_path/Frameworks @loader_path/Frameworks";
				PRODUCT_BUNDLE_IDENTIFIER = "-23.SAUITests";
				PRODUCT_NAME = "$(TARGET_NAME)";
				SWIFT_VERSION = 4.0;
				TARGETED_DEVICE_FAMILY = "1,2";
				TEST_TARGET_NAME = SA;
			};
			name = Release;
		};
/* End XCBuildConfiguration section */

/* Begin XCConfigurationList section */
		74AD62B81FF7934200FA686B /* Build configuration list for PBXProject "SA" */ = {
			isa = XCConfigurationList;
			buildConfigurations = (
				74AD62E31FF7934200FA686B /* Debug */,
				74AD62E41FF7934200FA686B /* Release */,
			);
			defaultConfigurationIsVisible = 0;
			defaultConfigurationName = Release;
		};
		74AD62E51FF7934200FA686B /* Build configuration list for PBXNativeTarget "SA" */ = {
			isa = XCConfigurationList;
			buildConfigurations = (
				74AD62E61FF7934200FA686B /* Debug */,
				74AD62E71FF7934200FA686B /* Release */,
			);
			defaultConfigurationIsVisible = 0;
			defaultConfigurationName = Release;
		};
		74AD62E81FF7934200FA686B /* Build configuration list for PBXNativeTarget "SATests" */ = {
			isa = XCConfigurationList;
			buildConfigurations = (
				74AD62E91FF7934200FA686B /* Debug */,
				74AD62EA1FF7934200FA686B /* Release */,
			);
			defaultConfigurationIsVisible = 0;
			defaultConfigurationName = Release;
		};
		74AD62EB1FF7934200FA686B /* Build configuration list for PBXNativeTarget "SAUITests" */ = {
			isa = XCConfigurationList;
			buildConfigurations = (
				74AD62EC1FF7934200FA686B /* Debug */,
				74AD62ED1FF7934200FA686B /* Release */,
			);
			defaultConfigurationIsVisible = 0;
			defaultConfigurationName = Release;
		};
/* End XCConfigurationList section */
	};
	rootObject = 74AD62B51FF7934200FA686B /* Project object */;
}
